
Microsoft Visual Studio Solution File, Format Version 12.00
# Visual Studio 15
VisualStudioVersion = 15.0.28307.271
MinimumVisualStudioVersion = 10.0.40219.1
Project("{F2A71F9B-5D33-465A-A702-920D77279786}") = "cubeNum", "cubeNum\cubeNum.fsproj", "{11C11BB4-F3E5-48A6-ACDD-541D4F6E9BC9}"
EndProject
Global
	GlobalSection(SolutionConfigurationPlatforms) = preSolution
		Debug|Any CPU = Debug|Any CPU
		Release|Any CPU = Release|Any CPU
	EndGlobalSection
	GlobalSection(ProjectConfigurationPlatforms) = postSolution
		{11C11BB4-F3E5-48A6-ACDD-541D4F6E9BC9}.Debug|Any CPU.ActiveCfg = Debug|Any CPU
		{11C11BB4-F3E5-48A6-ACDD-541D4F6E9BC9}.Debug|Any CPU.Build.0 = Debug|Any CPU
		{11C11BB4-F3E5-48A6-ACDD-541D4F6E9BC9}.Release|Any CPU.ActiveCfg = Release|Any CPU
		{11C11BB4-F3E5-48A6-ACDD-541D4F6E9BC9}.Release|Any CPU.Build.0 = Release|Any CPU
	EndGlobalSection
	GlobalSection(SolutionProperties) = preSolution
		HideSolutionNode = FALSE
	EndGlobalSection
	GlobalSection(ExtensibilityGlobals) = postSolution
		SolutionGuid = {B457C691-4C17-4A54-A8D1-41842AB5EB3F}
	EndGlobalSection
EndGlobal
